<Solution>
  <Project Path="001_PortScaner/001_PortScaner.csproj" />
  <Project Path="002_ChatClient/002_ChatClient.csproj" />
  <Project Path="002_ChatServer/002_ChatServer.csproj" />
  <Project Path="003_BroadcastChat/003_BroadcastChat.csproj" Id="d1018505-ebe7-476c-94f9-dc6ad4c6242a" />
  <Project Path="004_BroadcastRoll/004_BroadcastRoll.csproj" />
</Solution>
